
Microsoft Visual Studio Solution File, Format Version 12.00
# Visual Studio Version 17
VisualStudioVersion = 17.7.34031.279
MinimumVisualStudioVersion = 10.0.40219.1
Project("{FAE04EC0-301F-11D3-BF4B-00C04F79EFBC}") = "Cobranza", "Cobranza\Cobranza.csproj", "{A74E6B3F-E567-464A-A22A-FA6B19216E92}"
EndProject
Global
	GlobalSection(SolutionConfigurationPlatforms) = preSolution
		Debug|Any CPU = Debug|Any CPU
		Release|Any CPU = Release|Any CPU
	EndGlobalSection
	GlobalSection(ProjectConfigurationPlatforms) = postSolution
		{A74E6B3F-E567-464A-A22A-FA6B19216E92}.Debug|Any CPU.ActiveCfg = Debug|Any CPU
		{A74E6B3F-E567-464A-A22A-FA6B19216E92}.Debug|Any CPU.Build.0 = Debug|Any CPU
		{A74E6B3F-E567-464A-A22A-FA6B19216E92}.Release|Any CPU.ActiveCfg = Release|Any CPU
		{A74E6B3F-E567-464A-A22A-FA6B19216E92}.Release|Any CPU.Build.0 = Release|Any CPU
	EndGlobalSection
	GlobalSection(SolutionProperties) = preSolution
		HideSolutionNode = FALSE
	EndGlobalSection
	GlobalSection(ExtensibilityGlobals) = postSolution
		SolutionGuid = {757F5146-71B3-461E-A863-7F3939A10508}
	EndGlobalSection
EndGlobal
